
Microsoft Visual Studio Solution File, Format Version 12.00
# Visual Studio Version 17
VisualStudioVersion = 17.8.34330.188
MinimumVisualStudioVersion = 10.0.40219.1
Project("{FAE04EC0-301F-11D3-BF4B-00C04F79EFBC}") = "2TDSPK", "2TDSPK.csproj", "{0981248E-BA0F-4135-9C48-00C6B479BBB2}"
EndProject
Global
	GlobalSection(SolutionConfigurationPlatforms) = preSolution
		Debug|Any CPU = Debug|Any CPU
		Release|Any CPU = Release|Any CPU
	EndGlobalSection
	GlobalSection(ProjectConfigurationPlatforms) = postSolution
		{0981248E-BA0F-4135-9C48-00C6B479BBB2}.Debug|Any CPU.ActiveCfg = Debug|Any CPU
		{0981248E-BA0F-4135-9C48-00C6B479BBB2}.Debug|Any CPU.Build.0 = Debug|Any CPU
		{0981248E-BA0F-4135-9C48-00C6B479BBB2}.Release|Any CPU.ActiveCfg = Release|Any CPU
		{0981248E-BA0F-4135-9C48-00C6B479BBB2}.Release|Any CPU.Build.0 = Release|Any CPU
	EndGlobalSection
	GlobalSection(SolutionProperties) = preSolution
		HideSolutionNode = FALSE
	EndGlobalSection
	GlobalSection(ExtensibilityGlobals) = postSolution
		SolutionGuid = {448F8357-72E5-4EB2-A0B5-4EA85E87BCD9}
	EndGlobalSection
EndGlobal
